// !$*UTF8*$!
{
	archiveVersion = 1;
	classes = {
	};
	objectVersion = 55;
	objects = {

/* Begin PBXBuildFile section */
		03E188DE2676E97B0045B3B7 /* DSUI4MAPT1App.swift in Sources */ = {isa = PBXBuildFile; fileRef = 03E188DD2676E97B0045B3B7 /* DSUI4MAPT1App.swift */; };
		03E188E02676E97B0045B3B7 /* ContentView.swift in Sources */ = {isa = PBXBuildFile; fileRef = 03E188DF2676E97B0045B3B7 /* ContentView.swift */; };
		03E188E22676E97C0045B3B7 /* Assets.xcassets in Resources */ = {isa = PBXBuildFile; fileRef = 03E188E12676E97C0045B3B7 /* Assets.xcassets */; };
		03E188E52676E97C0045B3B7 /* Preview Assets.xcassets in Resources */ = {isa = PBXBuildFile; fileRef = 03E188E42676E97C0045B3B7 /* Preview Assets.xcassets */; };
		03E188EF2676E97C0045B3B7 /* DSUI4MAPT1Tests.swift in Sources */ = {isa = PBXBuildFile; fileRef = 03E188EE2676E97C0045B3B7 /* DSUI4MAPT1Tests.swift */; };
		03E188F92676E97C0045B3B7 /* DSUI4MAPT1UITests.swift in Sources */ = {isa = PBXBuildFile; fileRef = 03E188F82676E97C0045B3B7 /* DSUI4MAPT1UITests.swift */; };
/* End PBXBuildFile section */

/* Begin PBXContainerItemProxy section */
		03E188EB2676E97C0045B3B7 /* PBXContainerItemProxy */ = {
			isa = PBXContainerItemProxy;
			containerPortal = 03E188D22676E97B0045B3B7 /* Project object */;
			proxyType = 1;
			remoteGlobalIDString = 03E188D92676E97B0045B3B7;
			remoteInfo = DSUI4MAPT1;
		};
		03E188F52676E97C0045B3B7 /* PBXContainerItemProxy */ = {
			isa = PBXContainerItemProxy;
			containerPortal = 03E188D22676E97B0045B3B7 /* Project object */;
			proxyType = 1;
			remoteGlobalIDString = 03E188D92676E97B0045B3B7;
			remoteInfo = DSUI4MAPT1;
		};
/* End PBXContainerItemProxy section */

/* Begin PBXFileReference section */
		03E188DA2676E97B0045B3B7 /* DSUI4MAPT1.app */ = {isa = PBXFileReference; explicitFileType = wrapper.application; includeInIndex = 0; path = DSUI4MAPT1.app; sourceTree = BUILT_PRODUCTS_DIR; };
		03E188DD2676E97B0045B3B7 /* DSUI4MAPT1App.swift */ = {isa = PBXFileReference; lastKnownFileType = sourcecode.swift; path = DSUI4MAPT1App.swift; sourceTree = "<group>"; };
		03E188DF2676E97B0045B3B7 /* ContentView.swift */ = {isa = PBXFileReference; lastKnownFileType = sourcecode.swift; path = ContentView.swift; sourceTree = "<group>"; };
		03E188E12676E97C0045B3B7 /* Assets.xcassets */ = {isa = PBXFileReference; lastKnownFileType = folder.assetcatalog; path = Assets.xcassets; sourceTree = "<group>"; };
		03E188E42676E97C0045B3B7 /* Preview Assets.xcassets */ = {isa = PBXFileReference; lastKnownFileType = folder.assetcatalog; path = "Preview Assets.xcassets"; sourceTree = "<group>"; };
		03E188EA2676E97C0045B3B7 /* DSUI4MAPT1Tests.xctest */ = {isa = PBXFileReference; explicitFileType = wrapper.cfbundle; includeInIndex = 0; path = DSUI4MAPT1Tests.xctest; sourceTree = BUILT_PRODUCTS_DIR; };
		03E188EE2676E97C0045B3B7 /* DSUI4MAPT1Tests.swift */ = {isa = PBXFileReference; lastKnownFileType = sourcecode.swift; path = DSUI4MAPT1Tests.swift; sourceTree = "<group>"; };
		03E188F42676E97C0045B3B7 /* DSUI4MAPT1UITests.xctest */ = {isa = PBXFileReference; explicitFileType = wrapper.cfbundle; includeInIndex = 0; path = DSUI4MAPT1UITests.xctest; sourceTree = BUILT_PRODUCTS_DIR; };
		03E188F82676E97C0045B3B7 /* DSUI4MAPT1UITests.swift */ = {isa = PBXFileReference; lastKnownFileType = sourcecode.swift; path = DSUI4MAPT1UITests.swift; sourceTree = "<group>"; };
/* End PBXFileReference section */

/* Begin PBXFrameworksBuildPhase section */
		03E188D72676E97B0045B3B7 /* Frameworks */ = {
			isa = PBXFrameworksBuildPhase;
			buildActionMask = 2147483647;
			files = (
			);
			runOnlyForDeploymentPostprocessing = 0;
		};
		03E188E72676E97C0045B3B7 /* Frameworks */ = {
			isa = PBXFrameworksBuildPhase;
			buildActionMask = 2147483647;
			files = (
			);
			runOnlyForDeploymentPostprocessing = 0;
		};
		03E188F12676E97C0045B3B7 /* Frameworks */ = {
			isa = PBXFrameworksBuildPhase;
			buildActionMask = 2147483647;
			files = (
			);
			runOnlyForDeploymentPostprocessing = 0;
		};
/* End PBXFrameworksBuildPhase section */

/* Begin PBXGroup section */
		03E188D12676E97B0045B3B7 = {
			isa = PBXGroup;
			children = (
				03E188DC2676E97B0045B3B7 /* DSUI4MAPT1 */,
				03E188ED2676E97C0045B3B7 /* DSUI4MAPT1Tests */,
				03E188F72676E97C0045B3B7 /* DSUI4MAPT1UITests */,
				03E188DB2676E97B0045B3B7 /* Products */,
			);
			sourceTree = "<group>";
		};
		03E188DB2676E97B0045B3B7 /* Products */ = {
			isa = PBXGroup;
			children = (
				03E188DA2676E97B0045B3B7 /* DSUI4MAPT1.app */,
				03E188EA2676E97C0045B3B7 /* DSUI4MAPT1Tests.xctest */,
				03E188F42676E97C0045B3B7 /* DSUI4MAPT1UITests.xctest */,
			);
			name = Products;
			sourceTree = "<group>";
		};
		03E188DC2676E97B0045B3B7 /* DSUI4MAPT1 */ = {
			isa = PBXGroup;
			children = (
				03E188DD2676E97B0045B3B7 /* DSUI4MAPT1App.swift */,
				03E188DF2676E97B0045B3B7 /* ContentView.swift */,
				03E188E12676E97C0045B3B7 /* Assets.xcassets */,
				03E188E32676E97C0045B3B7 /* Preview Content */,
			);
			path = DSUI4MAPT1;
			sourceTree = "<group>";
		};
		03E188E32676E97C0045B3B7 /* Preview Content */ = {
			isa = PBXGroup;
			children = (
				03E188E42676E97C0045B3B7 /* Preview Assets.xcassets */,
			);
			path = "Preview Content";
			sourceTree = "<group>";
		};
		03E188ED2676E97C0045B3B7 /* DSUI4MAPT1Tests */ = {
			isa = PBXGroup;
			children = (
				03E188EE2676E97C0045B3B7 /* DSUI4MAPT1Tests.swift */,
			);
			path = DSUI4MAPT1Tests;
			sourceTree = "<group>";
		};
		03E188F72676E97C0045B3B7 /* DSUI4MAPT1UITests */ = {
			isa = PBXGroup;
			children = (
				03E188F82676E97C0045B3B7 /* DSUI4MAPT1UITests.swift */,
			);
			path = DSUI4MAPT1UITests;
			sourceTree = "<group>";
		};
/* End PBXGroup section */

/* Begin PBXNativeTarget section */
		03E188D92676E97B0045B3B7 /* DSUI4MAPT1 */ = {
			isa = PBXNativeTarget;
			buildConfigurationList = 03E188FC2676E97C0045B3B7 /* Build configuration list for PBXNativeTarget "DSUI4MAPT1" */;
			buildPhases = (
				03E188D62676E97B0045B3B7 /* Sources */,
				03E188D72676E97B0045B3B7 /* Frameworks */,
				03E188D82676E97B0045B3B7 /* Resources */,
			);
			buildRules = (
			);
			dependencies = (
			);
			name = DSUI4MAPT1;
			productName = DSUI4MAPT1;
			productReference = 03E188DA2676E97B0045B3B7 /* DSUI4MAPT1.app */;
			productType = "com.apple.product-type.application";
		};
		03E188E92676E97C0045B3B7 /* DSUI4MAPT1Tests */ = {
			isa = PBXNativeTarget;
			buildConfigurationList = 03E188FF2676E97C0045B3B7 /* Build configuration list for PBXNativeTarget "DSUI4MAPT1Tests" */;
			buildPhases = (
				03E188E62676E97C0045B3B7 /* Sources */,
				03E188E72676E97C0045B3B7 /* Frameworks */,
				03E188E82676E97C0045B3B7 /* Resources */,
			);
			buildRules = (
			);
			dependencies = (
				03E188EC2676E97C0045B3B7 /* PBXTargetDependency */,
			);
			name = DSUI4MAPT1Tests;
			productName = DSUI4MAPT1Tests;
			productReference = 03E188EA2676E97C0045B3B7 /* DSUI4MAPT1Tests.xctest */;
			productType = "com.apple.product-type.bundle.unit-test";
		};
		03E188F32676E97C0045B3B7 /* DSUI4MAPT1UITests */ = {
			isa = PBXNativeTarget;
			buildConfigurationList = 03E189022676E97C0045B3B7 /* Build configuration list for PBXNativeTarget "DSUI4MAPT1UITests" */;
			buildPhases = (
				03E188F02676E97C0045B3B7 /* Sources */,
				03E188F12676E97C0045B3B7 /* Frameworks */,
				03E188F22676E97C0045B3B7 /* Resources */,
			);
			buildRules = (
			);
			dependencies = (
				03E188F62676E97C0045B3B7 /* PBXTargetDependency */,
			);
			name = DSUI4MAPT1UITests;
			productName = DSUI4MAPT1UITests;
			productReference = 03E188F42676E97C0045B3B7 /* DSUI4MAPT1UITests.xctest */;
			productType = "com.apple.product-type.bundle.ui-testing";
		};
/* End PBXNativeTarget section */

/* Begin PBXProject section */
		03E188D22676E97B0045B3B7 /* Project object */ = {
			isa = PBXProject;
			attributes = {
				BuildIndependentTargetsInParallel = 1;
				LastSwiftUpdateCheck = 1300;
				LastUpgradeCheck = 1300;
				TargetAttributes = {
					03E188D92676E97B0045B3B7 = {
						CreatedOnToolsVersion = 13.0;
					};
					03E188E92676E97C0045B3B7 = {
						CreatedOnToolsVersion = 13.0;
						TestTargetID = 03E188D92676E97B0045B3B7;
					};
					03E188F32676E97C0045B3B7 = {
						CreatedOnToolsVersion = 13.0;
						TestTargetID = 03E188D92676E97B0045B3B7;
					};
				};
			};
			buildConfigurationList = 03E188D52676E97B0045B3B7 /* Build configuration list for PBXProject "DSUI4MAPT1" */;
			compatibilityVersion = "Xcode 13.0";
			developmentRegion = en;
			hasScannedForEncodings = 0;
			knownRegions = (
				en,
				Base,
			);
			mainGroup = 03E188D12676E97B0045B3B7;
			productRefGroup = 03E188DB2676E97B0045B3B7 /* Products */;
			projectDirPath = "";
			projectRoot = "";
			targets = (
				03E188D92676E97B0045B3B7 /* DSUI4MAPT1 */,
				03E188E92676E97C0045B3B7 /* DSUI4MAPT1Tests */,
				03E188F32676E97C0045B3B7 /* DSUI4MAPT1UITests */,
			);
		};
/* End PBXProject section */

/* Begin PBXResourcesBuildPhase section */
		03E188D82676E97B0045B3B7 /* Resources */ = {
			isa = PBXResourcesBuildPhase;
			buildActionMask = 2147483647;
			files = (
				03E188E52676E97C0045B3B7 /* Preview Assets.xcassets in Resources */,
				03E188E22676E97C0045B3B7 /* Assets.xcassets in Resources */,
			);
			runOnlyForDeploymentPostprocessing = 0;
		};
		03E188E82676E97C0045B3B7 /* Resources */ = {
			isa = PBXResourcesBuildPhase;
			buildActionMask = 2147483647;
			files = (
			);
			runOnlyForDeploymentPostprocessing = 0;
		};
		03E188F22676E97C0045B3B7 /* Resources */ = {
			isa = PBXResourcesBuildPhase;
			buildActionMask = 2147483647;
			files = (
			);
			runOnlyForDeploymentPostprocessing = 0;
		};
/* End PBXResourcesBuildPhase section */

/* Begin PBXSourcesBuildPhase section */
		03E188D62676E97B0045B3B7 /* Sources */ = {
			isa = PBXSourcesBuildPhase;
			buildActionMask = 2147483647;
			files = (
				03E188E02676E97B0045B3B7 /* ContentView.swift in Sources */,
				03E188DE2676E97B0045B3B7 /* DSUI4MAPT1App.swift in Sources */,
			);
			runOnlyForDeploymentPostprocessing = 0;
		};
		03E188E62676E97C0045B3B7 /* Sources */ = {
			isa = PBXSourcesBuildPhase;
			buildActionMask = 2147483647;
			files = (
				03E188EF2676E97C0045B3B7 /* DSUI4MAPT1Tests.swift in Sources */,
			);
			runOnlyForDeploymentPostprocessing = 0;
		};
		03E188F02676E97C0045B3B7 /* Sources */ = {
			isa = PBXSourcesBuildPhase;
			buildActionMask = 2147483647;
			files = (
				03E188F92676E97C0045B3B7 /* DSUI4MAPT1UITests.swift in Sources */,
			);
			runOnlyForDeploymentPostprocessing = 0;
		};
/* End PBXSourcesBuildPhase section */

/* Begin PBXTargetDependency section */
		03E188EC2676E97C0045B3B7 /* PBXTargetDependency */ = {
			isa = PBXTargetDependency;
			target = 03E188D92676E97B0045B3B7 /* DSUI4MAPT1 */;
			targetProxy = 03E188EB2676E97C0045B3B7 /* PBXContainerItemProxy */;
		};
		03E188F62676E97C0045B3B7 /* PBXTargetDependency */ = {
			isa = PBXTargetDependency;
			target = 03E188D92676E97B0045B3B7 /* DSUI4MAPT1 */;
			targetProxy = 03E188F52676E97C0045B3B7 /* PBXContainerItemProxy */;
		};
/* End PBXTargetDependency section */

/* Begin XCBuildConfiguration section */
		03E188FA2676E97C0045B3B7 /* Debug */ = {
			isa = XCBuildConfiguration;
			buildSettings = {
				ALWAYS_SEARCH_USER_PATHS = NO;
				CLANG_ANALYZER_NONNULL = YES;
				CLANG_ANALYZER_NUMBER_OBJECT_CONVERSION = YES_AGGRESSIVE;
				CLANG_CXX_LANGUAGE_STANDARD = "gnu++14";
				CLANG_CXX_LIBRARY = "libc++";
				CLANG_ENABLE_MODULES = YES;
				CLANG_ENABLE_OBJC_ARC = YES;
				CLANG_ENABLE_OBJC_WEAK = YES;
				CLANG_WARN_BLOCK_CAPTURE_AUTORELEASING = YES;
				CLANG_WARN_BOOL_CONVERSION = YES;
				CLANG_WARN_COMMA = YES;
				CLANG_WARN_CONSTANT_CONVERSION = YES;
				CLANG_WARN_DEPRECATED_OBJC_IMPLEMENTATIONS = YES;
				CLANG_WARN_DIRECT_OBJC_ISA_USAGE = YES_ERROR;
				CLANG_WARN_DOCUMENTATION_COMMENTS = YES;
				CLANG_WARN_EMPTY_BODY = YES;
				CLANG_WARN_ENUM_CONVERSION = YES;
				CLANG_WARN_INFINITE_RECURSION = YES;
				CLANG_WARN_INT_CONVERSION = YES;
				CLANG_WARN_NON_LITERAL_NULL_CONVERSION = YES;
				CLANG_WARN_OBJC_IMPLICIT_RETAIN_SELF = YES;
				CLANG_WARN_OBJC_LITERAL_CONVERSION = YES;
				CLANG_WARN_OBJC_ROOT_CLASS = YES_ERROR;
				CLANG_WARN_QUOTED_INCLUDE_IN_FRAMEWORK_HEADER = YES;
				CLANG_WARN_RANGE_LOOP_ANALYSIS = YES;
				CLANG_WARN_STRICT_PROTOTYPES = YES;
				CLANG_WARN_SUSPICIOUS_MOVE = YES;
				CLANG_WARN_UNGUARDED_AVAILABILITY = YES_AGGRESSIVE;
				CLANG_WARN_UNREACHABLE_CODE = YES;
				CLANG_WARN__DUPLICATE_METHOD_MATCH = YES;
				COPY_PHASE_STRIP = NO;
				DEBUG_INFORMATION_FORMAT = dwarf;
				ENABLE_STRICT_OBJC_MSGSEND = YES;
				ENABLE_TESTABILITY = YES;
				GCC_C_LANGUAGE_STANDARD = gnu11;
				GCC_DYNAMIC_NO_PIC = NO;
				GCC_NO_COMMON_BLOCKS = YES;
				GCC_OPTIMIZATION_LEVEL = 0;
				GCC_PREPROCESSOR_DEFINITIONS = (
					"DEBUG=1",
					"$(inherited)",
				);
				GCC_WARN_64_TO_32_BIT_CONVERSION = YES;
				GCC_WARN_ABOUT_RETURN_TYPE = YES_ERROR;
				GCC_WARN_UNDECLARED_SELECTOR = YES;
				GCC_WARN_UNINITIALIZED_AUTOS = YES_AGGRESSIVE;
				GCC_WARN_UNUSED_FUNCTION = YES;
				GCC_WARN_UNUSED_VARIABLE = YES;
				MACOSX_DEPLOYMENT_TARGET = 12.0;
				MTL_ENABLE_DEBUG_INFO = INCLUDE_SOURCE;
				MTL_FAST_MATH = YES;
				ONLY_ACTIVE_ARCH = YES;
				SDKROOT = macosx;
				SWIFT_ACTIVE_COMPILATION_CONDITIONS = DEBUG;
				SWIFT_OPTIMIZATION_LEVEL = "-Onone";
			};
			name = Debug;
		};
		03E188FB2676E97C0045B3B7 /* Release */ = {
			isa = XCBuildConfiguration;
			buildSettings = {
				ALWAYS_SEARCH_USER_PATHS = NO;
				CLANG_ANALYZER_NONNULL = YES;
				CLANG_ANALYZER_NUMBER_OBJECT_CONVERSION = YES_AGGRESSIVE;
				CLANG_CXX_LANGUAGE_STANDARD = "gnu++14";
				CLANG_CXX_LIBRARY = "libc++";
				CLANG_ENABLE_MODULES = YES;
				CLANG_ENABLE_OBJC_ARC = YES;
				CLANG_ENABLE_OBJC_WEAK = YES;
				CLANG_WARN_BLOCK_CAPTURE_AUTORELEASING = YES;
				CLANG_WARN_BOOL_CONVERSION = YES;
				CLANG_WARN_COMMA = YES;
				CLANG_WARN_CONSTANT_CONVERSION = YES;
				CLANG_WARN_DEPRECATED_OBJC_IMPLEMENTATIONS = YES;
				CLANG_WARN_DIRECT_OBJC_ISA_USAGE = YES_ERROR;
				CLANG_WARN_DOCUMENTATION_COMMENTS = YES;
				CLANG_WARN_EMPTY_BODY = YES;
				CLANG_WARN_ENUM_CONVERSION = YES;
				CLANG_WARN_INFINITE_RECURSION = YES;
				CLANG_WARN_INT_CONVERSION = YES;
				CLANG_WARN_NON_LITERAL_NULL_CONVERSION = YES;
				CLANG_WARN_OBJC_IMPLICIT_RETAIN_SELF = YES;
				CLANG_WARN_OBJC_LITERAL_CONVERSION = YES;
				CLANG_WARN_OBJC_ROOT_CLASS = YES_ERROR;
				CLANG_WARN_QUOTED_INCLUDE_IN_FRAMEWORK_HEADER = YES;
				CLANG_WARN_RANGE_LOOP_ANALYSIS = YES;
				CLANG_WARN_STRICT_PROTOTYPES = YES;
				CLANG_WARN_SUSPICIOUS_MOVE = YES;
				CLANG_WARN_UNGUARDED_AVAILABILITY = YES_AGGRESSIVE;
				CLANG_WARN_UNREACHABLE_CODE = YES;
				CLANG_WARN__DUPLICATE_METHOD_MATCH = YES;
				COPY_PHASE_STRIP = NO;
				DEBUG_INFORMATION_FORMAT = "dwarf-with-dsym";
				ENABLE_NS_ASSERTIONS = NO;
				ENABLE_STRICT_OBJC_MSGSEND = YES;
				GCC_C_LANGUAGE_STANDARD = gnu11;
				GCC_NO_COMMON_BLOCKS = YES;
				GCC_WARN_64_TO_32_BIT_CONVERSION = YES;
				GCC_WARN_ABOUT_RETURN_TYPE = YES_ERROR;
				GCC_WARN_UNDECLARED_SELECTOR = YES;
				GCC_WARN_UNINITIALIZED_AUTOS = YES_AGGRESSIVE;
				GCC_WARN_UNUSED_FUNCTION = YES;
				GCC_WARN_UNUSED_VARIABLE = YES;
				MACOSX_DEPLOYMENT_TARGET = 12.0;
				MTL_ENABLE_DEBUG_INFO = NO;
				MTL_FAST_MATH = YES;
				SDKROOT = macosx;
				SWIFT_COMPILATION_MODE = wholemodule;
				SWIFT_OPTIMIZATION_LEVEL = "-O";
			};
			name = Release;
		};
		03E188FD2676E97C0045B3B7 /* Debug */ = {
			isa = XCBuildConfiguration;
			buildSettings = {
				ASSETCATALOG_COMPILER_APPICON_NAME = AppIcon;
				ASSETCATALOG_COMPILER_GLOBAL_ACCENT_COLOR_NAME = AccentColor;
				CODE_SIGN_STYLE = Automatic;
				COMBINE_HIDPI_IMAGES = YES;
				CURRENT_PROJECT_VERSION = 1;
				DEVELOPMENT_ASSET_PATHS = "\"DSUI4MAPT1/Preview Content\"";
				ENABLE_APP_SANDBOX = YES;
				ENABLE_PREVIEWS = YES;
				ENABLE_USER_SELECTED_FILES = readonly;
				GENERATE_INFOPLIST_FILE = YES;
				INFOPLIST_KEY_NSHumanReadableCopyright = "";
				LD_RUNPATH_SEARCH_PATHS = (
					"$(inherited)",
					"@executable_path/../Frameworks",
				);
				MACOSX_DEPLOYMENT_TARGET = 11.0;
				MARKETING_VERSION = 1.0;
				PRODUCT_BUNDLE_IDENTIFIER = com.github.erikng.blogposts.DSUI4MAPT1;
				PRODUCT_NAME = "$(TARGET_NAME)";
				SWIFT_EMIT_LOC_STRINGS = YES;
				SWIFT_VERSION = 5.0;
			};
			name = Debug;
		};
		03E188FE2676E97C0045B3B7 /* Release */ = {
			isa = XCBuildConfiguration;
			buildSettings = {
				ASSETCATALOG_COMPILER_APPICON_NAME = AppIcon;
				ASSETCATALOG_COMPILER_GLOBAL_ACCENT_COLOR_NAME = AccentColor;
				CODE_SIGN_STYLE = Automatic;
				COMBINE_HIDPI_IMAGES = YES;
				CURRENT_PROJECT_VERSION = 1;
				DEVELOPMENT_ASSET_PATHS = "\"DSUI4MAPT1/Preview Content\"";
				ENABLE_APP_SANDBOX = YES;
				ENABLE_PREVIEWS = YES;
				ENABLE_USER_SELECTED_FILES = readonly;
				GENERATE_INFOPLIST_FILE = YES;
				INFOPLIST_KEY_NSHumanReadableCopyright = "";
				LD_RUNPATH_SEARCH_PATHS = (
					"$(inherited)",
					"@executable_path/../Frameworks",
				);
				MACOSX_DEPLOYMENT_TARGET = 11.0;
				MARKETING_VERSION = 1.0;
				PRODUCT_BUNDLE_IDENTIFIER = com.github.erikng.blogposts.DSUI4MAPT1;
				PRODUCT_NAME = "$(TARGET_NAME)";
				SWIFT_EMIT_LOC_STRINGS = YES;
				SWIFT_VERSION = 5.0;
			};
			name = Release;
		};
		03E189002676E97C0045B3B7 /* Debug */ = {
			isa = XCBuildConfiguration;
			buildSettings = {
				ALWAYS_EMBED_SWIFT_STANDARD_LIBRARIES = YES;
				BUNDLE_LOADER = "$(TEST_HOST)";
				CODE_SIGN_STYLE = Automatic;
				COMBINE_HIDPI_IMAGES = YES;
				CURRENT_PROJECT_VERSION = 1;
				GENERATE_INFOPLIST_FILE = YES;
				LD_RUNPATH_SEARCH_PATHS = (
					"$(inherited)",
					"@executable_path/../Frameworks",
					"@loader_path/../Frameworks",
				);
				MACOSX_DEPLOYMENT_TARGET = 11.0;
				MARKETING_VERSION = 1.0;
				PRODUCT_BUNDLE_IDENTIFIER = com.github.erikng.blogposts.DSUI4MAPT1Tests;
				PRODUCT_NAME = "$(TARGET_NAME)";
				SWIFT_EMIT_LOC_STRINGS = NO;
				SWIFT_VERSION = 5.0;
				TEST_HOST = "$(BUILT_PRODUCTS_DIR)/DSUI4MAPT1.app/Contents/MacOS/DSUI4MAPT1";
			};
			name = Debug;
		};
		03E189012676E97C0045B3B7 /* Release */ = {
			isa = XCBuildConfiguration;
			buildSettings = {
				ALWAYS_EMBED_SWIFT_STANDARD_LIBRARIES = YES;
				BUNDLE_LOADER = "$(TEST_HOST)";
				CODE_SIGN_STYLE = Automatic;
				COMBINE_HIDPI_IMAGES = YES;
				CURRENT_PROJECT_VERSION = 1;
				GENERATE_INFOPLIST_FILE = YES;
				LD_RUNPATH_SEARCH_PATHS = (
					"$(inherited)",
					"@executable_path/../Frameworks",
					"@loader_path/../Frameworks",
				);
				MACOSX_DEPLOYMENT_TARGET = 11.0;
				MARKETING_VERSION = 1.0;
				PRODUCT_BUNDLE_IDENTIFIER = com.github.erikng.blogposts.DSUI4MAPT1Tests;
				PRODUCT_NAME = "$(TARGET_NAME)";
				SWIFT_EMIT_LOC_STRINGS = NO;
				SWIFT_VERSION = 5.0;
				TEST_HOST = "$(BUILT_PRODUCTS_DIR)/DSUI4MAPT1.app/Contents/MacOS/DSUI4MAPT1";
			};
			name = Release;
		};
		03E189032676E97C0045B3B7 /* Debug */ = {
			isa = XCBuildConfiguration;
			buildSettings = {
				ALWAYS_EMBED_SWIFT_STANDARD_LIBRARIES = YES;
				CODE_SIGN_STYLE = Automatic;
				COMBINE_HIDPI_IMAGES = YES;
				CURRENT_PROJECT_VERSION = 1;
				GENERATE_INFOPLIST_FILE = YES;
				LD_RUNPATH_SEARCH_PATHS = (
					"$(inherited)",
					"@executable_path/../Frameworks",
					"@loader_path/../Frameworks",
				);
				MARKETING_VERSION = 1.0;
				PRODUCT_BUNDLE_IDENTIFIER = com.github.erikng.blogposts.DSUI4MAPT1UITests;
				PRODUCT_NAME = "$(TARGET_NAME)";
				SWIFT_EMIT_LOC_STRINGS = NO;
				SWIFT_VERSION = 5.0;
				TEST_TARGET_NAME = DSUI4MAPT1;
			};
			name = Debug;
		};
		03E189042676E97C0045B3B7 /* Release */ = {
			isa = XCBuildConfiguration;
			buildSettings = {
				ALWAYS_EMBED_SWIFT_STANDARD_LIBRARIES = YES;
				CODE_SIGN_STYLE = Automatic;
				COMBINE_HIDPI_IMAGES = YES;
				CURRENT_PROJECT_VERSION = 1;
				GENERATE_INFOPLIST_FILE = YES;
				LD_RUNPATH_SEARCH_PATHS = (
					"$(inherited)",
					"@executable_path/../Frameworks",
					"@loader_path/../Frameworks",
				);
				MARKETING_VERSION = 1.0;
				PRODUCT_BUNDLE_IDENTIFIER = com.github.erikng.blogposts.DSUI4MAPT1UITests;
				PRODUCT_NAME = "$(TARGET_NAME)";
				SWIFT_EMIT_LOC_STRINGS = NO;
				SWIFT_VERSION = 5.0;
				TEST_TARGET_NAME = DSUI4MAPT1;
			};
			name = Release;
		};
/* End XCBuildConfiguration section */

/* Begin XCConfigurationList section */
		03E188D52676E97B0045B3B7 /* Build configuration list for PBXProject "DSUI4MAPT1" */ = {
			isa = XCConfigurationList;
			buildConfigurations = (
				03E188FA2676E97C0045B3B7 /* Debug */,
				03E188FB2676E97C0045B3B7 /* Release */,
			);
			defaultConfigurationIsVisible = 0;
			defaultConfigurationName = Release;
		};
		03E188FC2676E97C0045B3B7 /* Build configuration list for PBXNativeTarget "DSUI4MAPT1" */ = {
			isa = XCConfigurationList;
			buildConfigurations = (
				03E188FD2676E97C0045B3B7 /* Debug */,
				03E188FE2676E97C0045B3B7 /* Release */,
			);
			defaultConfigurationIsVisible = 0;
			defaultConfigurationName = Release;
		};
		03E188FF2676E97C0045B3B7 /* Build configuration list for PBXNativeTarget "DSUI4MAPT1Tests" */ = {
			isa = XCConfigurationList;
			buildConfigurations = (
				03E189002676E97C0045B3B7 /* Debug */,
				03E189012676E97C0045B3B7 /* Release */,
			);
			defaultConfigurationIsVisible = 0;
			defaultConfigurationName = Release;
		};
		03E189022676E97C0045B3B7 /* Build configuration list for PBXNativeTarget "DSUI4MAPT1UITests" */ = {
			isa = XCConfigurationList;
			buildConfigurations = (
				03E189032676E97C0045B3B7 /* Debug */,
				03E189042676E97C0045B3B7 /* Release */,
			);
			defaultConfigurationIsVisible = 0;
			defaultConfigurationName = Release;
		};
/* End XCConfigurationList section */
	};
	rootObject = 03E188D22676E97B0045B3B7 /* Project object */;
}
